
Microsoft Visual Studio Solution File, Format Version 12.00
# Visual Studio Version 16
VisualStudioVersion = 16.0.30204.135
MinimumVisualStudioVersion = 10.0.40219.1
Project("{9A19103F-16F7-4668-BE54-9A1E7A4F7556}") = "FractalConsole", "FractalConsole\FractalConsole.csproj", "{F2B24B3C-6915-4BB4-A3CC-D79E7E3BE22A}"
EndProject
Global
	GlobalSection(SolutionConfigurationPlatforms) = preSolution
		Debug|Any CPU = Debug|Any CPU
		Release|Any CPU = Release|Any CPU
	EndGlobalSection
	GlobalSection(ProjectConfigurationPlatforms) = postSolution
		{F2B24B3C-6915-4BB4-A3CC-D79E7E3BE22A}.Debug|Any CPU.ActiveCfg = Debug|Any CPU
		{F2B24B3C-6915-4BB4-A3CC-D79E7E3BE22A}.Debug|Any CPU.Build.0 = Debug|Any CPU
		{F2B24B3C-6915-4BB4-A3CC-D79E7E3BE22A}.Release|Any CPU.ActiveCfg = Release|Any CPU
		{F2B24B3C-6915-4BB4-A3CC-D79E7E3BE22A}.Release|Any CPU.Build.0 = Release|Any CPU
	EndGlobalSection
	GlobalSection(SolutionProperties) = preSolution
		HideSolutionNode = FALSE
	EndGlobalSection
	GlobalSection(ExtensibilityGlobals) = postSolution
		SolutionGuid = {66F5D447-3253-432A-9915-08EC9213C99B}
	EndGlobalSection
EndGlobal
